
Microsoft Visual Studio Solution File, Format Version 12.00
# Visual Studio Version 17
VisualStudioVersion = 17.0.31919.166
MinimumVisualStudioVersion = 10.0.40219.1
Project("{2150E333-8FDC-42A3-9474-1A3956D46DE8}") = "Web", "Web", "{93645DE0-DF3E-4C48-8647-43242CD204CF}"
EndProject
Project("{2150E333-8FDC-42A3-9474-1A3956D46DE8}") = "Infra", "Infra", "{7B8A2750-05A2-4851-8ACF-5CB555961740}"
EndProject
Project("{2150E333-8FDC-42A3-9474-1A3956D46DE8}") = "Domain", "Domain", "{3F1AF43C-23FA-4FD9-B900-D3F5DF5DE031}"
EndProject
Project("{9A19103F-16F7-4668-BE54-9A1E7A4F7556}") = "ProAtividade.API", "ProAtividade.API\ProAtividade.API.csproj", "{98D4131E-F365-4D2F-A15C-6E446A9FF04F}"
EndProject
Project("{9A19103F-16F7-4668-BE54-9A1E7A4F7556}") = "ProAtividade.Domain", "ProAtividade.Domain\ProAtividade.Domain.csproj", "{4A76FAB5-D7BC-4280-95A0-F6D40FC27249}"
EndProject
Project("{9A19103F-16F7-4668-BE54-9A1E7A4F7556}") = "ProAtividade.Data", "ProAtividade.Data\ProAtividade.Data.csproj", "{1FDFD63B-CF8F-459B-8646-CB9EAAB8D5DF}"
EndProject
Global
	GlobalSection(SolutionConfigurationPlatforms) = preSolution
		Debug|Any CPU = Debug|Any CPU
		Release|Any CPU = Release|Any CPU
	EndGlobalSection
	GlobalSection(ProjectConfigurationPlatforms) = postSolution
		{98D4131E-F365-4D2F-A15C-6E446A9FF04F}.Debug|Any CPU.ActiveCfg = Debug|Any CPU
		{98D4131E-F365-4D2F-A15C-6E446A9FF04F}.Debug|Any CPU.Build.0 = Debug|Any CPU
		{98D4131E-F365-4D2F-A15C-6E446A9FF04F}.Release|Any CPU.ActiveCfg = Release|Any CPU
		{98D4131E-F365-4D2F-A15C-6E446A9FF04F}.Release|Any CPU.Build.0 = Release|Any CPU
		{4A76FAB5-D7BC-4280-95A0-F6D40FC27249}.Debug|Any CPU.ActiveCfg = Debug|Any CPU
		{4A76FAB5-D7BC-4280-95A0-F6D40FC27249}.Debug|Any CPU.Build.0 = Debug|Any CPU
		{4A76FAB5-D7BC-4280-95A0-F6D40FC27249}.Release|Any CPU.ActiveCfg = Release|Any CPU
		{4A76FAB5-D7BC-4280-95A0-F6D40FC27249}.Release|Any CPU.Build.0 = Release|Any CPU
		{1FDFD63B-CF8F-459B-8646-CB9EAAB8D5DF}.Debug|Any CPU.ActiveCfg = Debug|Any CPU
		{1FDFD63B-CF8F-459B-8646-CB9EAAB8D5DF}.Debug|Any CPU.Build.0 = Debug|Any CPU
		{1FDFD63B-CF8F-459B-8646-CB9EAAB8D5DF}.Release|Any CPU.ActiveCfg = Release|Any CPU
		{1FDFD63B-CF8F-459B-8646-CB9EAAB8D5DF}.Release|Any CPU.Build.0 = Release|Any CPU
	EndGlobalSection
	GlobalSection(SolutionProperties) = preSolution
		HideSolutionNode = FALSE
	EndGlobalSection
	GlobalSection(NestedProjects) = preSolution
		{98D4131E-F365-4D2F-A15C-6E446A9FF04F} = {93645DE0-DF3E-4C48-8647-43242CD204CF}
		{4A76FAB5-D7BC-4280-95A0-F6D40FC27249} = {3F1AF43C-23FA-4FD9-B900-D3F5DF5DE031}
		{1FDFD63B-CF8F-459B-8646-CB9EAAB8D5DF} = {7B8A2750-05A2-4851-8ACF-5CB555961740}
	EndGlobalSection
	GlobalSection(ExtensibilityGlobals) = postSolution
		SolutionGuid = {222C8EBD-0F73-4AC4-8F34-D6491F8A7999}
	EndGlobalSection
EndGlobal
