
Microsoft Visual Studio Solution File, Format Version 12.00
# Visual Studio Version 17
VisualStudioVersion = 17.0.31919.166
MinimumVisualStudioVersion = 10.0.40219.1
Project("{2150E333-8FDC-42A3-9474-1A3956D46DE8}") = "Web", "Web", "{3FFE0D42-2CC5-445D-B929-F3B536CA596E}"
EndProject
Project("{2150E333-8FDC-42A3-9474-1A3956D46DE8}") = "Infra", "Infra", "{C6DDE198-35BB-4962-B0DC-64808C8DAA67}"
EndProject
Project("{2150E333-8FDC-42A3-9474-1A3956D46DE8}") = "Domain", "Domain", "{DE7B96FC-5295-4D1F-A729-2E27B12261DB}"
EndProject
Project("{9A19103F-16F7-4668-BE54-9A1E7A4F7556}") = "ProAtividade.Domain", "ProAtividade.Domain\ProAtividade.Domain.csproj", "{7055B9BA-255E-4FC1-AADF-2E46AE177BB6}"
EndProject
Project("{9A19103F-16F7-4668-BE54-9A1E7A4F7556}") = "ProAtividade.Data", "ProAtividade.Data\ProAtividade.Data.csproj", "{F8C63EDE-7BC7-4F15-B676-202E7D5B3C13}"
EndProject
Project("{FAE04EC0-301F-11D3-BF4B-00C04F79EFBC}") = "ProAtividade.API", "ProAtividade.API\ProAtividade.API.csproj", "{9AB7F382-8806-4BE4-A832-1F4B0B696E22}"
EndProject
Global
	GlobalSection(SolutionConfigurationPlatforms) = preSolution
		Debug|Any CPU = Debug|Any CPU
		Release|Any CPU = Release|Any CPU
	EndGlobalSection
	GlobalSection(ProjectConfigurationPlatforms) = postSolution
		{7055B9BA-255E-4FC1-AADF-2E46AE177BB6}.Debug|Any CPU.ActiveCfg = Debug|Any CPU
		{7055B9BA-255E-4FC1-AADF-2E46AE177BB6}.Debug|Any CPU.Build.0 = Debug|Any CPU
		{7055B9BA-255E-4FC1-AADF-2E46AE177BB6}.Release|Any CPU.ActiveCfg = Release|Any CPU
		{7055B9BA-255E-4FC1-AADF-2E46AE177BB6}.Release|Any CPU.Build.0 = Release|Any CPU
		{F8C63EDE-7BC7-4F15-B676-202E7D5B3C13}.Debug|Any CPU.ActiveCfg = Debug|Any CPU
		{F8C63EDE-7BC7-4F15-B676-202E7D5B3C13}.Debug|Any CPU.Build.0 = Debug|Any CPU
		{F8C63EDE-7BC7-4F15-B676-202E7D5B3C13}.Release|Any CPU.ActiveCfg = Release|Any CPU
		{F8C63EDE-7BC7-4F15-B676-202E7D5B3C13}.Release|Any CPU.Build.0 = Release|Any CPU
		{9AB7F382-8806-4BE4-A832-1F4B0B696E22}.Debug|Any CPU.ActiveCfg = Debug|Any CPU
		{9AB7F382-8806-4BE4-A832-1F4B0B696E22}.Debug|Any CPU.Build.0 = Debug|Any CPU
		{9AB7F382-8806-4BE4-A832-1F4B0B696E22}.Release|Any CPU.ActiveCfg = Release|Any CPU
		{9AB7F382-8806-4BE4-A832-1F4B0B696E22}.Release|Any CPU.Build.0 = Release|Any CPU
	EndGlobalSection
	GlobalSection(SolutionProperties) = preSolution
		HideSolutionNode = FALSE
	EndGlobalSection
	GlobalSection(NestedProjects) = preSolution
		{7055B9BA-255E-4FC1-AADF-2E46AE177BB6} = {DE7B96FC-5295-4D1F-A729-2E27B12261DB}
		{F8C63EDE-7BC7-4F15-B676-202E7D5B3C13} = {C6DDE198-35BB-4962-B0DC-64808C8DAA67}
		{9AB7F382-8806-4BE4-A832-1F4B0B696E22} = {3FFE0D42-2CC5-445D-B929-F3B536CA596E}
	EndGlobalSection
	GlobalSection(ExtensibilityGlobals) = postSolution
		SolutionGuid = {99E456AE-B689-4D9D-A88F-462B1094B6EE}
	EndGlobalSection
EndGlobal
